{
  "pid": 88457,
  "startedAt": "2026-03-23T01:18:58.474Z",
  "unitType": "complete-slice",
  "unitId": "M003/S01",
  "unitStartedAt": "2026-03-23T01:40:46.112Z",
  "completedUnits": 5,
  "sessionFile": "/Users/wollax/.kata-cli/sessions/2026-03-23T01-40-46-093Z_7bc8451e-7f63-47e0-8cc7-bef3bde83651.jsonl"
}